{
  "nodes": {
    "cloud-data": {
      "flake": false,
      "locked": {
        "lastModified": 1779310279,
        "narHash": "sha256-A/bkzdM1/EJ63qLQUUD/AlgohtVz7iGUDsCOyLI7zRk=",
        "ref": "refs/tags/api/gen/go/v0.0.29",
        "rev": "4e420f6521d02b1a11be1b0c1d4942b3b8de06c3",
        "revCount": 191,
        "type": "git",
        "url": "ssh://git@github.com/infracost/cloud-data"
      },
      "original": {
        "ref": "refs/tags/api/gen/go/v0.0.29",
        "type": "git",
        "url": "ssh://git@github.com/infracost/cloud-data"
      }
    },
    "home-manager": {
      "inputs": {
        "nixpkgs": [
          "nixpkgs"
        ]
      },
      "locked": {
        "lastModified": 1781981105,
        "narHash": "sha256-/1nNBbA7PrSQpTc9Qazkhl4kIPg+TNl0CjxS3UQJKlw=",
        "owner": "nix-community",
        "repo": "home-manager",
        "rev": "7bfff44b465909f69a442701293bc0badcf476dc",
        "type": "github"
      },
      "original": {
        "owner": "nix-community",
        "ref": "release-26.05",
        "repo": "home-manager",
        "type": "github"
      }
    },
    "ic": {
      "flake": false,
      "locked": {
        "lastModified": 1781814637,
        "narHash": "sha256-eQXicY29BPijiyQze6Qysirmb5gVD+I1ELTJNd/hee8=",
        "ref": "refs/heads/master",
        "rev": "9d0ae6f83a21178bcfd3895b880a537578a90038",
        "revCount": 283,
        "type": "git",
        "url": "ssh://git@github.com/infracost/ic"
      },
      "original": {
        "type": "git",
        "url": "ssh://git@github.com/infracost/ic"
      }
    },
    "infracost_cli": {
      "flake": false,
      "locked": {
        "lastModified": 1782205583,
        "narHash": "sha256-RvchS5pppDMWJzF+w1hx9OtadT0N4X+olGcga27J1qE=",
        "ref": "refs/heads/main",
        "rev": "e1e072afd9c391297dd970961710ebad22211bc7",
        "revCount": 130,
        "type": "git",
        "url": "ssh://git@github.com/infracost/cli"
      },
      "original": {
        "type": "git",
        "url": "ssh://git@github.com/infracost/cli"
      }
    },
    "internal-skills": {
      "flake": false,
      "locked": {
        "lastModified": 1782124220,
        "narHash": "sha256-hqsytGm6Kd1b8mQ9fB/HykgW2GgIk1gr9jjmxpkH/jY=",
        "ref": "refs/heads/master",
        "rev": "1f6aef803605e852d93cd2b292d506bc7771ef5a",
        "revCount": 39,
        "type": "git",
        "url": "ssh://git@github.com/infracost/internal-skills"
      },
      "original": {
        "type": "git",
        "url": "ssh://git@github.com/infracost/internal-skills"
      }
    },
    "nix-darwin": {
      "inputs": {
        "nixpkgs": [
          "nixpkgs"
        ]
      },
      "locked": {
        "lastModified": 1781772065,
        "narHash": "sha256-xIbRSwDB1GBAUsWsQZUjudGfAGQt3BOpsWaO/ugVa4w=",
        "owner": "LnL7",
        "repo": "nix-darwin",
        "rev": "adda04f0bf4819575b1978c2f8d78401b3c2be12",
        "type": "github"
      },
      "original": {
        "owner": "LnL7",
        "ref": "nix-darwin-26.05",
        "repo": "nix-darwin",
        "type": "github"
      }
    },
    "nixpkgs": {
      "locked": {
        "lastModified": 1782041437,
        "narHash": "sha256-QxQvXkDqx7DrzQSGRzh7Lv08t2fCCnLICQvap3WVzQQ=",
        "owner": "nixos",
        "repo": "nixpkgs",
        "rev": "ea68a74f45ad6311f4bff62b865932ac195d46a7",
        "type": "github"
      },
      "original": {
        "owner": "nixos",
        "ref": "nixpkgs-26.05-darwin",
        "repo": "nixpkgs",
        "type": "github"
      }
    },
    "root": {
      "inputs": {
        "cloud-data": "cloud-data",
        "home-manager": "home-manager",
        "ic": "ic",
        "infracost_cli": "infracost_cli",
        "internal-skills": "internal-skills",
        "nix-darwin": "nix-darwin",
        "nixpkgs": "nixpkgs",
        "unstable": "unstable"
      }
    },
    "unstable": {
      "locked": {
        "lastModified": 1781577229,
        "narHash": "sha256-lrp67w8AulE9Ks53n27I45ADSzbOCn4H+CNW1Ck8B+8=",
        "owner": "nixos",
        "repo": "nixpkgs",
        "rev": "567a49d1913ce81ac6e9582e3553dd90a955875f",
        "type": "github"
      },
      "original": {
        "owner": "nixos",
        "ref": "nixos-unstable",
        "repo": "nixpkgs",
        "type": "github"
      }
    }
  },
  "root": "root",
  "version": 7
}
