{
  "nodes": {
    "cloud-data": {
      "flake": false,
      "locked": {
        "lastModified": 1778154095,
        "narHash": "sha256-InaUmiiAogCmBr/vkFjYfjiw7bDxkcFtheYPMKO/07A=",
        "ref": "refs/tags/api/gen/go/v0.0.25",
        "rev": "8bd386e32376c3daab9c2b78ec4f84c5d1527e59",
        "revCount": 121,
        "type": "git",
        "url": "ssh://git@github.com/infracost/cloud-data"
      },
      "original": {
        "ref": "refs/tags/api/gen/go/v0.0.25",
        "type": "git",
        "url": "ssh://git@github.com/infracost/cloud-data"
      }
    },
    "home-manager": {
      "inputs": {
        "nixpkgs": [
          "nixpkgs"
        ]
      },
      "locked": {
        "lastModified": 1774875830,
        "narHash": "sha256-WPYlTmZvVa9dWlAziFkVjBdv1Z6giNIq40O1DxsBmiI=",
        "owner": "nix-community",
        "repo": "home-manager",
        "rev": "7afd8cebb99e25a64a745765920e663478eb8830",
        "type": "github"
      },
      "original": {
        "owner": "nix-community",
        "ref": "release-25.11",
        "repo": "home-manager",
        "type": "github"
      }
    },
    "ic": {
      "flake": false,
      "locked": {
        "lastModified": 1778674674,
        "narHash": "sha256-m4gDf7xAt9BCaHmDBqchMKGtPEiJrvHTZVfjaCP3vPU=",
        "ref": "refs/heads/master",
        "rev": "9832176dafee99c80e45d93814fab365fb9871fe",
        "revCount": 248,
        "type": "git",
        "url": "ssh://git@github.com/infracost/ic"
      },
      "original": {
        "type": "git",
        "url": "ssh://git@github.com/infracost/ic"
      }
    },
    "infracost_cli": {
      "flake": false,
      "locked": {
        "lastModified": 1778250436,
        "narHash": "sha256-u814cqdfUWz8x9ywOnquGZ6Aq+UE7BoiGoBcHi5lKMY=",
        "ref": "refs/heads/main",
        "rev": "fb72c0e59e1d2fb2ebc92ef4c8ce23dd6e9ccdb0",
        "revCount": 82,
        "type": "git",
        "url": "ssh://git@github.com/infracost/cli"
      },
      "original": {
        "type": "git",
        "url": "ssh://git@github.com/infracost/cli"
      }
    },
    "internal-skills": {
      "flake": false,
      "locked": {
        "lastModified": 1779190749,
        "narHash": "sha256-x+gMQ6cMQKlV8fFz3pHD6yr7OGNO/rJvBPTGSpW66VY=",
        "ref": "refs/heads/master",
        "rev": "46a236c47644a5e1ea78ddaeef4077184530aa4b",
        "revCount": 26,
        "type": "git",
        "url": "ssh://git@github.com/infracost/internal-skills"
      },
      "original": {
        "type": "git",
        "url": "ssh://git@github.com/infracost/internal-skills"
      }
    },
    "nix-darwin": {
      "inputs": {
        "nixpkgs": [
          "nixpkgs"
        ]
      },
      "locked": {
        "lastModified": 1772129556,
        "narHash": "sha256-Utk0zd8STPsUJPyjabhzPc5BpPodLTXrwkpXBHYnpeg=",
        "owner": "LnL7",
        "repo": "nix-darwin",
        "rev": "ebec37af18215214173c98cf6356d0aca24a2585",
        "type": "github"
      },
      "original": {
        "owner": "LnL7",
        "ref": "nix-darwin-25.11",
        "repo": "nix-darwin",
        "type": "github"
      }
    },
    "nixpkgs": {
      "locked": {
        "lastModified": 1778504458,
        "narHash": "sha256-w6+HEdP1PoLAoqaFB/jTyXrFuqxuArJ6Lw1bOkecwP0=",
        "owner": "nixos",
        "repo": "nixpkgs",
        "rev": "6c424a96762240034e0bcda0e1a50dd48e60ab9b",
        "type": "github"
      },
      "original": {
        "owner": "nixos",
        "ref": "nixpkgs-25.11-darwin",
        "repo": "nixpkgs",
        "type": "github"
      }
    },
    "root": {
      "inputs": {
        "cloud-data": "cloud-data",
        "home-manager": "home-manager",
        "ic": "ic",
        "infracost_cli": "infracost_cli",
        "internal-skills": "internal-skills",
        "nix-darwin": "nix-darwin",
        "nixpkgs": "nixpkgs",
        "unstable": "unstable"
      }
    },
    "unstable": {
      "locked": {
        "lastModified": 1778443072,
        "narHash": "sha256-zi7/fsqM/kFdNuED//4WOCUtezGtKKqRNORjMvfwjnA=",
        "owner": "nixos",
        "repo": "nixpkgs",
        "rev": "da5ad661ba4e5ef59ba743f0d112cbc30e474f32",
        "type": "github"
      },
      "original": {
        "owner": "nixos",
        "ref": "nixos-unstable",
        "repo": "nixpkgs",
        "type": "github"
      }
    }
  },
  "root": "root",
  "version": 7
}
